
Microsoft Visual Studio Solution File, Format Version 12.00
# Visual Studio Version 17
VisualStudioVersion = 17.8.34330.188
MinimumVisualStudioVersion = 10.0.40219.1
Project("{FAE04EC0-301F-11D3-BF4B-00C04F79EFBC}") = "CPPCallConsoleApp", "CPPCallConsoleApp.csproj", "{5A3C7531-A0A7-4B2E-A4F1-8A8C2F915165}"
EndProject
Global
	GlobalSection(SolutionConfigurationPlatforms) = preSolution
		Debug|Any CPU = Debug|Any CPU
		Release|Any CPU = Release|Any CPU
	EndGlobalSection
	GlobalSection(ProjectConfigurationPlatforms) = postSolution
		{5A3C7531-A0A7-4B2E-A4F1-8A8C2F915165}.Debug|Any CPU.ActiveCfg = Debug|Any CPU
		{5A3C7531-A0A7-4B2E-A4F1-8A8C2F915165}.Debug|Any CPU.Build.0 = Debug|Any CPU
		{5A3C7531-A0A7-4B2E-A4F1-8A8C2F915165}.Release|Any CPU.ActiveCfg = Release|Any CPU
		{5A3C7531-A0A7-4B2E-A4F1-8A8C2F915165}.Release|Any CPU.Build.0 = Release|Any CPU
	EndGlobalSection
	GlobalSection(SolutionProperties) = preSolution
		HideSolutionNode = FALSE
	EndGlobalSection
	GlobalSection(ExtensibilityGlobals) = postSolution
		SolutionGuid = {5C534FC1-0FC1-4463-88E5-FC446E7897BC}
	EndGlobalSection
EndGlobal
